
Microsoft Visual Studio Solution File, Format Version 12.00
# Visual Studio Version 17
VisualStudioVersion = 17.3.32929.385
MinimumVisualStudioVersion = 10.0.40219.1
Project("{9A19103F-16F7-4668-BE54-9A1E7A4F7556}") = "Presentation", "VirginScenario\Presentation.csproj", "{A83E4848-9D73-4A98-8341-8EC240C61558}"
EndProject
Project("{9A19103F-16F7-4668-BE54-9A1E7A4F7556}") = "Service", "Service\Service.csproj", "{E372C07B-A863-4BB3-90FF-5E173154282D}"
EndProject
Project("{9A19103F-16F7-4668-BE54-9A1E7A4F7556}") = "Domain", "Domain\Domain.csproj", "{DD41E18B-5279-4136-8744-536D543FF054}"
EndProject
Project("{9A19103F-16F7-4668-BE54-9A1E7A4F7556}") = "Application", "Application\Application.csproj", "{46F8D012-2942-4C6F-B865-9C489663F0B4}"
EndProject
Global
	GlobalSection(SolutionConfigurationPlatforms) = preSolution
		Debug|Any CPU = Debug|Any CPU
		Release|Any CPU = Release|Any CPU
	EndGlobalSection
	GlobalSection(ProjectConfigurationPlatforms) = postSolution
		{A83E4848-9D73-4A98-8341-8EC240C61558}.Debug|Any CPU.ActiveCfg = Debug|Any CPU
		{A83E4848-9D73-4A98-8341-8EC240C61558}.Debug|Any CPU.Build.0 = Debug|Any CPU
		{A83E4848-9D73-4A98-8341-8EC240C61558}.Release|Any CPU.ActiveCfg = Release|Any CPU
		{A83E4848-9D73-4A98-8341-8EC240C61558}.Release|Any CPU.Build.0 = Release|Any CPU
		{E372C07B-A863-4BB3-90FF-5E173154282D}.Debug|Any CPU.ActiveCfg = Debug|Any CPU
		{E372C07B-A863-4BB3-90FF-5E173154282D}.Debug|Any CPU.Build.0 = Debug|Any CPU
		{E372C07B-A863-4BB3-90FF-5E173154282D}.Release|Any CPU.ActiveCfg = Release|Any CPU
		{E372C07B-A863-4BB3-90FF-5E173154282D}.Release|Any CPU.Build.0 = Release|Any CPU
		{DD41E18B-5279-4136-8744-536D543FF054}.Debug|Any CPU.ActiveCfg = Debug|Any CPU
		{DD41E18B-5279-4136-8744-536D543FF054}.Debug|Any CPU.Build.0 = Debug|Any CPU
		{DD41E18B-5279-4136-8744-536D543FF054}.Release|Any CPU.ActiveCfg = Release|Any CPU
		{DD41E18B-5279-4136-8744-536D543FF054}.Release|Any CPU.Build.0 = Release|Any CPU
		{46F8D012-2942-4C6F-B865-9C489663F0B4}.Debug|Any CPU.ActiveCfg = Debug|Any CPU
		{46F8D012-2942-4C6F-B865-9C489663F0B4}.Debug|Any CPU.Build.0 = Debug|Any CPU
		{46F8D012-2942-4C6F-B865-9C489663F0B4}.Release|Any CPU.ActiveCfg = Release|Any CPU
		{46F8D012-2942-4C6F-B865-9C489663F0B4}.Release|Any CPU.Build.0 = Release|Any CPU
	EndGlobalSection
	GlobalSection(SolutionProperties) = preSolution
		HideSolutionNode = FALSE
	EndGlobalSection
	GlobalSection(ExtensibilityGlobals) = postSolution
		SolutionGuid = {E67E9426-2EE2-4DA2-8847-DBB9185E569B}
	EndGlobalSection
EndGlobal
